
Microsoft Visual Studio Solution File, Format Version 12.00
# Visual Studio Express 2013 for Windows Desktop
VisualStudioVersion = 12.0.40629.0
MinimumVisualStudioVersion = 10.0.40219.1
Project("{FAE04EC0-301F-11D3-BF4B-00C04F79EFBC}") = "FalloutLauncher", "FalloutLauncher\FalloutLauncher.csproj", "{346054BB-0926-4BDE-BF3F-D5B5FDF44480}"
EndProject
Project("{2150E333-8FDC-42A3-9474-1A3956D46DE8}") = ".nuget", ".nuget", "{81FB9054-C3D4-4C44-A12E-1F34D4739E4C}"
	ProjectSection(SolutionItems) = preProject
		.nuget\NuGet.Config = .nuget\NuGet.Config
		.nuget\NuGet.exe = .nuget\NuGet.exe
		.nuget\NuGet.targets = .nuget\NuGet.targets
	EndProjectSection
EndProject
Project("{FAE04EC0-301F-11D3-BF4B-00C04F79EFBC}") = "IniManager", "..\IniManager\IniManager\IniManager.csproj", "{23BE452F-9940-4EDA-81EC-AA03089BB088}"
EndProject
Global
	GlobalSection(SolutionConfigurationPlatforms) = preSolution
		Debug|Any CPU = Debug|Any CPU
		Debug|Mixed Platforms = Debug|Mixed Platforms
		Debug|x86 = Debug|x86
		Release|Any CPU = Release|Any CPU
		Release|Mixed Platforms = Release|Mixed Platforms
		Release|x86 = Release|x86
	EndGlobalSection
	GlobalSection(ProjectConfigurationPlatforms) = postSolution
		{346054BB-0926-4BDE-BF3F-D5B5FDF44480}.Debug|Any CPU.ActiveCfg = Debug|Any CPU
		{346054BB-0926-4BDE-BF3F-D5B5FDF44480}.Debug|Any CPU.Build.0 = Debug|Any CPU
		{346054BB-0926-4BDE-BF3F-D5B5FDF44480}.Debug|Mixed Platforms.ActiveCfg = Debug|x86
		{346054BB-0926-4BDE-BF3F-D5B5FDF44480}.Debug|Mixed Platforms.Build.0 = Debug|x86
		{346054BB-0926-4BDE-BF3F-D5B5FDF44480}.Debug|x86.ActiveCfg = Debug|x86
		{346054BB-0926-4BDE-BF3F-D5B5FDF44480}.Debug|x86.Build.0 = Debug|x86
		{346054BB-0926-4BDE-BF3F-D5B5FDF44480}.Release|Any CPU.ActiveCfg = Release|Any CPU
		{346054BB-0926-4BDE-BF3F-D5B5FDF44480}.Release|Any CPU.Build.0 = Release|Any CPU
		{346054BB-0926-4BDE-BF3F-D5B5FDF44480}.Release|Mixed Platforms.ActiveCfg = Release|x86
		{346054BB-0926-4BDE-BF3F-D5B5FDF44480}.Release|Mixed Platforms.Build.0 = Release|x86
		{346054BB-0926-4BDE-BF3F-D5B5FDF44480}.Release|x86.ActiveCfg = Release|x86
		{346054BB-0926-4BDE-BF3F-D5B5FDF44480}.Release|x86.Build.0 = Release|x86
		{23BE452F-9940-4EDA-81EC-AA03089BB088}.Debug|Any CPU.ActiveCfg = Debug|Any CPU
		{23BE452F-9940-4EDA-81EC-AA03089BB088}.Debug|Any CPU.Build.0 = Debug|Any CPU
		{23BE452F-9940-4EDA-81EC-AA03089BB088}.Debug|Mixed Platforms.ActiveCfg = Debug|Any CPU
		{23BE452F-9940-4EDA-81EC-AA03089BB088}.Debug|Mixed Platforms.Build.0 = Debug|Any CPU
		{23BE452F-9940-4EDA-81EC-AA03089BB088}.Debug|x86.ActiveCfg = Debug|Any CPU
		{23BE452F-9940-4EDA-81EC-AA03089BB088}.Release|Any CPU.ActiveCfg = Release|Any CPU
		{23BE452F-9940-4EDA-81EC-AA03089BB088}.Release|Any CPU.Build.0 = Release|Any CPU
		{23BE452F-9940-4EDA-81EC-AA03089BB088}.Release|Mixed Platforms.ActiveCfg = Release|Any CPU
		{23BE452F-9940-4EDA-81EC-AA03089BB088}.Release|Mixed Platforms.Build.0 = Release|Any CPU
		{23BE452F-9940-4EDA-81EC-AA03089BB088}.Release|x86.ActiveCfg = Release|Any CPU
	EndGlobalSection
	GlobalSection(SolutionProperties) = preSolution
		HideSolutionNode = FALSE
	EndGlobalSection
EndGlobal
